// !$*UTF8*$!
{
	archiveVersion = 1;
	classes = {
	};
	objectVersion = 48;
	objects = {

/* Begin PBXBuildFile section */
		7AA434952147DCDD00A0ED43 /* ShareViewController.swift in Sources */ = {isa = PBXBuildFile; fileRef = 7AA434942147DCDD00A0ED43 /* ShareViewController.swift */; };
		7AA434982147DCDD00A0ED43 /* MainInterface.storyboard in Resources */ = {isa = PBXBuildFile; fileRef = 7AA434962147DCDD00A0ED43 /* MainInterface.storyboard */; };
		7AA4349C2147DCDD00A0ED43 /* Jenkins.appex in Embed App Extensions */ = {isa = PBXBuildFile; fileRef = 7AA434922147DCDD00A0ED43 /* Jenkins.appex */; settings = {ATTRIBUTES = (RemoveHeadersOnCopy, ); }; };
		7AB1F5B12135557000863295 /* AppDelegate.swift in Sources */ = {isa = PBXBuildFile; fileRef = 7AB1F5B02135557000863295 /* AppDelegate.swift */; };
		7AB1F5B32135557000863295 /* ViewController.swift in Sources */ = {isa = PBXBuildFile; fileRef = 7AB1F5B22135557000863295 /* ViewController.swift */; };
		7AB1F5B62135557000863295 /* Main.storyboard in Resources */ = {isa = PBXBuildFile; fileRef = 7AB1F5B42135557000863295 /* Main.storyboard */; };
		7AB1F5B82135557000863295 /* Assets.xcassets in Resources */ = {isa = PBXBuildFile; fileRef = 7AB1F5B72135557000863295 /* Assets.xcassets */; };
		7AB1F5BB2135557000863295 /* LaunchScreen.storyboard in Resources */ = {isa = PBXBuildFile; fileRef = 7AB1F5B92135557000863295 /* LaunchScreen.storyboard */; };
		7AB1F5C62135557000863295 /* JenkinsDemoTests.swift in Sources */ = {isa = PBXBuildFile; fileRef = 7AB1F5C52135557000863295 /* JenkinsDemoTests.swift */; };
		7AB1F5D12135557000863295 /* JenkinsDemoUITests.swift in Sources */ = {isa = PBXBuildFile; fileRef = 7AB1F5D02135557000863295 /* JenkinsDemoUITests.swift */; };
/* End PBXBuildFile section */

/* Begin PBXContainerItemProxy section */
		7AA4349A2147DCDD00A0ED43 /* PBXContainerItemProxy */ = {
			isa = PBXContainerItemProxy;
			containerPortal = 7AB1F5A52135557000863295 /* Project object */;
			proxyType = 1;
			remoteGlobalIDString = 7AA434912147DCDD00A0ED43;
			remoteInfo = Jenkins;
		};
		7AB1F5C22135557000863295 /* PBXContainerItemProxy */ = {
			isa = PBXContainerItemProxy;
			containerPortal = 7AB1F5A52135557000863295 /* Project object */;
			proxyType = 1;
			remoteGlobalIDString = 7AB1F5AC2135557000863295;
			remoteInfo = JenkinsDemo;
		};
		7AB1F5CD2135557000863295 /* PBXContainerItemProxy */ = {
			isa = PBXContainerItemProxy;
			containerPortal = 7AB1F5A52135557000863295 /* Project object */;
			proxyType = 1;
			remoteGlobalIDString = 7AB1F5AC2135557000863295;
			remoteInfo = JenkinsDemo;
		};
/* End PBXContainerItemProxy section */

/* Begin PBXCopyFilesBuildPhase section */
		7AA434A02147DCDD00A0ED43 /* Embed App Extensions */ = {
			isa = PBXCopyFilesBuildPhase;
			buildActionMask = 2147483647;
			dstPath = "";
			dstSubfolderSpec = 13;
			files = (
				7AA4349C2147DCDD00A0ED43 /* Jenkins.appex in Embed App Extensions */,
			);
			name = "Embed App Extensions";
			runOnlyForDeploymentPostprocessing = 0;
		};
/* End PBXCopyFilesBuildPhase section */

/* Begin PBXFileReference section */
		7AA434922147DCDD00A0ED43 /* Jenkins.appex */ = {isa = PBXFileReference; explicitFileType = "wrapper.app-extension"; includeInIndex = 0; path = Jenkins.appex; sourceTree = BUILT_PRODUCTS_DIR; };
		7AA434942147DCDD00A0ED43 /* ShareViewController.swift */ = {isa = PBXFileReference; lastKnownFileType = sourcecode.swift; path = ShareViewController.swift; sourceTree = "<group>"; };
		7AA434972147DCDD00A0ED43 /* Base */ = {isa = PBXFileReference; lastKnownFileType = file.storyboard; name = Base; path = Base.lproj/MainInterface.storyboard; sourceTree = "<group>"; };
		7AA434992147DCDD00A0ED43 /* Info.plist */ = {isa = PBXFileReference; lastKnownFileType = text.plist.xml; path = Info.plist; sourceTree = "<group>"; };
		7AB1F5AD2135557000863295 /* JenkinsDemo.app */ = {isa = PBXFileReference; explicitFileType = wrapper.application; includeInIndex = 0; path = JenkinsDemo.app; sourceTree = BUILT_PRODUCTS_DIR; };
		7AB1F5B02135557000863295 /* AppDelegate.swift */ = {isa = PBXFileReference; lastKnownFileType = sourcecode.swift; path = AppDelegate.swift; sourceTree = "<group>"; };
		7AB1F5B22135557000863295 /* ViewController.swift */ = {isa = PBXFileReference; lastKnownFileType = sourcecode.swift; path = ViewController.swift; sourceTree = "<group>"; };
		7AB1F5B52135557000863295 /* Base */ = {isa = PBXFileReference; lastKnownFileType = file.storyboard; name = Base; path = Base.lproj/Main.storyboard; sourceTree = "<group>"; };
		7AB1F5B72135557000863295 /* Assets.xcassets */ = {isa = PBXFileReference; lastKnownFileType = folder.assetcatalog; path = Assets.xcassets; sourceTree = "<group>"; };
		7AB1F5BA2135557000863295 /* Base */ = {isa = PBXFileReference; lastKnownFileType = file.storyboard; name = Base; path = Base.lproj/LaunchScreen.storyboard; sourceTree = "<group>"; };
		7AB1F5BC2135557000863295 /* Info.plist */ = {isa = PBXFileReference; lastKnownFileType = text.plist.xml; path = Info.plist; sourceTree = "<group>"; };
		7AB1F5C12135557000863295 /* JenkinsDemoTests.xctest */ = {isa = PBXFileReference; explicitFileType = wrapper.cfbundle; includeInIndex = 0; path = JenkinsDemoTests.xctest; sourceTree = BUILT_PRODUCTS_DIR; };
		7AB1F5C52135557000863295 /* JenkinsDemoTests.swift */ = {isa = PBXFileReference; lastKnownFileType = sourcecode.swift; path = JenkinsDemoTests.swift; sourceTree = "<group>"; };
		7AB1F5C72135557000863295 /* Info.plist */ = {isa = PBXFileReference; lastKnownFileType = text.plist.xml; path = Info.plist; sourceTree = "<group>"; };
		7AB1F5CC2135557000863295 /* JenkinsDemoUITests.xctest */ = {isa = PBXFileReference; explicitFileType = wrapper.cfbundle; includeInIndex = 0; path = JenkinsDemoUITests.xctest; sourceTree = BUILT_PRODUCTS_DIR; };
		7AB1F5D02135557000863295 /* JenkinsDemoUITests.swift */ = {isa = PBXFileReference; lastKnownFileType = sourcecode.swift; path = JenkinsDemoUITests.swift; sourceTree = "<group>"; };
		7AB1F5D22135557000863295 /* Info.plist */ = {isa = PBXFileReference; lastKnownFileType = text.plist.xml; path = Info.plist; sourceTree = "<group>"; };
/* End PBXFileReference section */

/* Begin PBXFrameworksBuildPhase section */
		7AA4348F2147DCDD00A0ED43 /* Frameworks */ = {
			isa = PBXFrameworksBuildPhase;
			buildActionMask = 2147483647;
			files = (
			);
			runOnlyForDeploymentPostprocessing = 0;
		};
		7AB1F5AA2135557000863295 /* Frameworks */ = {
			isa = PBXFrameworksBuildPhase;
			buildActionMask = 2147483647;
			files = (
			);
			runOnlyForDeploymentPostprocessing = 0;
		};
		7AB1F5BE2135557000863295 /* Frameworks */ = {
			isa = PBXFrameworksBuildPhase;
			buildActionMask = 2147483647;
			files = (
			);
			runOnlyForDeploymentPostprocessing = 0;
		};
		7AB1F5C92135557000863295 /* Frameworks */ = {
			isa = PBXFrameworksBuildPhase;
			buildActionMask = 2147483647;
			files = (
			);
			runOnlyForDeploymentPostprocessing = 0;
		};
/* End PBXFrameworksBuildPhase section */

/* Begin PBXGroup section */
		7AA434932147DCDD00A0ED43 /* Jenkins */ = {
			isa = PBXGroup;
			children = (
				7AA434942147DCDD00A0ED43 /* ShareViewController.swift */,
				7AA434962147DCDD00A0ED43 /* MainInterface.storyboard */,
				7AA434992147DCDD00A0ED43 /* Info.plist */,
			);
			path = Jenkins;
			sourceTree = "<group>";
		};
		7AB1F5A42135557000863295 = {
			isa = PBXGroup;
			children = (
				7AB1F5AF2135557000863295 /* JenkinsDemo */,
				7AB1F5C42135557000863295 /* JenkinsDemoTests */,
				7AB1F5CF2135557000863295 /* JenkinsDemoUITests */,
				7AA434932147DCDD00A0ED43 /* Jenkins */,
				7AB1F5AE2135557000863295 /* Products */,
			);
			sourceTree = "<group>";
		};
		7AB1F5AE2135557000863295 /* Products */ = {
			isa = PBXGroup;
			children = (
				7AB1F5AD2135557000863295 /* JenkinsDemo.app */,
				7AB1F5C12135557000863295 /* JenkinsDemoTests.xctest */,
				7AB1F5CC2135557000863295 /* JenkinsDemoUITests.xctest */,
				7AA434922147DCDD00A0ED43 /* Jenkins.appex */,
			);
			name = Products;
			sourceTree = "<group>";
		};
		7AB1F5AF2135557000863295 /* JenkinsDemo */ = {
			isa = PBXGroup;
			children = (
				7AB1F5B02135557000863295 /* AppDelegate.swift */,
				7AB1F5B22135557000863295 /* ViewController.swift */,
				7AB1F5B42135557000863295 /* Main.storyboard */,
				7AB1F5B72135557000863295 /* Assets.xcassets */,
				7AB1F5B92135557000863295 /* LaunchScreen.storyboard */,
				7AB1F5BC2135557000863295 /* Info.plist */,
			);
			path = JenkinsDemo;
			sourceTree = "<group>";
		};
		7AB1F5C42135557000863295 /* JenkinsDemoTests */ = {
			isa = PBXGroup;
			children = (
				7AB1F5C52135557000863295 /* JenkinsDemoTests.swift */,
				7AB1F5C72135557000863295 /* Info.plist */,
			);
			path = JenkinsDemoTests;
			sourceTree = "<group>";
		};
		7AB1F5CF2135557000863295 /* JenkinsDemoUITests */ = {
			isa = PBXGroup;
			children = (
				7AB1F5D02135557000863295 /* JenkinsDemoUITests.swift */,
				7AB1F5D22135557000863295 /* Info.plist */,
			);
			path = JenkinsDemoUITests;
			sourceTree = "<group>";
		};
/* End PBXGroup section */

/* Begin PBXNativeTarget section */
		7AA434912147DCDD00A0ED43 /* Jenkins */ = {
			isa = PBXNativeTarget;
			buildConfigurationList = 7AA4349D2147DCDD00A0ED43 /* Build configuration list for PBXNativeTarget "Jenkins" */;
			buildPhases = (
				7AA4348E2147DCDD00A0ED43 /* Sources */,
				7AA4348F2147DCDD00A0ED43 /* Frameworks */,
				7AA434902147DCDD00A0ED43 /* Resources */,
			);
			buildRules = (
			);
			dependencies = (
			);
			name = Jenkins;
			productName = Jenkins;
			productReference = 7AA434922147DCDD00A0ED43 /* Jenkins.appex */;
			productType = "com.apple.product-type.app-extension";
		};
		7AB1F5AC2135557000863295 /* JenkinsDemo */ = {
			isa = PBXNativeTarget;
			buildConfigurationList = 7AB1F5D52135557000863295 /* Build configuration list for PBXNativeTarget "JenkinsDemo" */;
			buildPhases = (
				7AB1F5A92135557000863295 /* Sources */,
				7AB1F5AA2135557000863295 /* Frameworks */,
				7AB1F5AB2135557000863295 /* Resources */,
				7AA434A02147DCDD00A0ED43 /* Embed App Extensions */,
			);
			buildRules = (
			);
			dependencies = (
				7AA4349B2147DCDD00A0ED43 /* PBXTargetDependency */,
			);
			name = JenkinsDemo;
			productName = JenkinsDemo;
			productReference = 7AB1F5AD2135557000863295 /* JenkinsDemo.app */;
			productType = "com.apple.product-type.application";
		};
		7AB1F5C02135557000863295 /* JenkinsDemoTests */ = {
			isa = PBXNativeTarget;
			buildConfigurationList = 7AB1F5D82135557000863295 /* Build configuration list for PBXNativeTarget "JenkinsDemoTests" */;
			buildPhases = (
				7AB1F5BD2135557000863295 /* Sources */,
				7AB1F5BE2135557000863295 /* Frameworks */,
				7AB1F5BF2135557000863295 /* Resources */,
			);
			buildRules = (
			);
			dependencies = (
				7AB1F5C32135557000863295 /* PBXTargetDependency */,
			);
			name = JenkinsDemoTests;
			productName = JenkinsDemoTests;
			productReference = 7AB1F5C12135557000863295 /* JenkinsDemoTests.xctest */;
			productType = "com.apple.product-type.bundle.unit-test";
		};
		7AB1F5CB2135557000863295 /* JenkinsDemoUITests */ = {
			isa = PBXNativeTarget;
			buildConfigurationList = 7AB1F5DB2135557000863295 /* Build configuration list for PBXNativeTarget "JenkinsDemoUITests" */;
			buildPhases = (
				7AB1F5C82135557000863295 /* Sources */,
				7AB1F5C92135557000863295 /* Frameworks */,
				7AB1F5CA2135557000863295 /* Resources */,
			);
			buildRules = (
			);
			dependencies = (
				7AB1F5CE2135557000863295 /* PBXTargetDependency */,
			);
			name = JenkinsDemoUITests;
			productName = JenkinsDemoUITests;
			productReference = 7AB1F5CC2135557000863295 /* JenkinsDemoUITests.xctest */;
			productType = "com.apple.product-type.bundle.ui-testing";
		};
/* End PBXNativeTarget section */

/* Begin PBXProject section */
		7AB1F5A52135557000863295 /* Project object */ = {
			isa = PBXProject;
			attributes = {
				LastSwiftUpdateCheck = 0920;
				LastUpgradeCheck = 0920;
				ORGANIZATIONNAME = yuanjilee;
				TargetAttributes = {
					7AA434912147DCDD00A0ED43 = {
						CreatedOnToolsVersion = 9.2;
						ProvisioningStyle = Automatic;
					};
					7AB1F5AC2135557000863295 = {
						CreatedOnToolsVersion = 9.2;
						ProvisioningStyle = Automatic;
					};
					7AB1F5C02135557000863295 = {
						CreatedOnToolsVersion = 9.2;
						ProvisioningStyle = Manual;
						TestTargetID = 7AB1F5AC2135557000863295;
					};
					7AB1F5CB2135557000863295 = {
						CreatedOnToolsVersion = 9.2;
						ProvisioningStyle = Manual;
						TestTargetID = 7AB1F5AC2135557000863295;
					};
				};
			};
			buildConfigurationList = 7AB1F5A82135557000863295 /* Build configuration list for PBXProject "JenkinsDemo" */;
			compatibilityVersion = "Xcode 8.0";
			developmentRegion = en;
			hasScannedForEncodings = 0;
			knownRegions = (
				en,
				Base,
			);
			mainGroup = 7AB1F5A42135557000863295;
			productRefGroup = 7AB1F5AE2135557000863295 /* Products */;
			projectDirPath = "";
			projectRoot = "";
			targets = (
				7AB1F5AC2135557000863295 /* JenkinsDemo */,
				7AB1F5C02135557000863295 /* JenkinsDemoTests */,
				7AB1F5CB2135557000863295 /* JenkinsDemoUITests */,
				7AA434912147DCDD00A0ED43 /* Jenkins */,
			);
		};
/* End PBXProject section */

/* Begin PBXResourcesBuildPhase section */
		7AA434902147DCDD00A0ED43 /* Resources */ = {
			isa = PBXResourcesBuildPhase;
			buildActionMask = 2147483647;
			files = (
				7AA434982147DCDD00A0ED43 /* MainInterface.storyboard in Resources */,
			);
			runOnlyForDeploymentPostprocessing = 0;
		};
		7AB1F5AB2135557000863295 /* Resources */ = {
			isa = PBXResourcesBuildPhase;
			buildActionMask = 2147483647;
			files = (
				7AB1F5BB2135557000863295 /* LaunchScreen.storyboard in Resources */,
				7AB1F5B82135557000863295 /* Assets.xcassets in Resources */,
				7AB1F5B62135557000863295 /* Main.storyboard in Resources */,
			);
			runOnlyForDeploymentPostprocessing = 0;
		};
		7AB1F5BF2135557000863295 /* Resources */ = {
			isa = PBXResourcesBuildPhase;
			buildActionMask = 2147483647;
			files = (
			);
			runOnlyForDeploymentPostprocessing = 0;
		};
		7AB1F5CA2135557000863295 /* Resources */ = {
			isa = PBXResourcesBuildPhase;
			buildActionMask = 2147483647;
			files = (
			);
			runOnlyForDeploymentPostprocessing = 0;
		};
/* End PBXResourcesBuildPhase section */

/* Begin PBXSourcesBuildPhase section */
		7AA4348E2147DCDD00A0ED43 /* Sources */ = {
			isa = PBXSourcesBuildPhase;
			buildActionMask = 2147483647;
			files = (
				7AA434952147DCDD00A0ED43 /* ShareViewController.swift in Sources */,
			);
			runOnlyForDeploymentPostprocessing = 0;
		};
		7AB1F5A92135557000863295 /* Sources */ = {
			isa = PBXSourcesBuildPhase;
			buildActionMask = 2147483647;
			files = (
				7AB1F5B32135557000863295 /* ViewController.swift in Sources */,
				7AB1F5B12135557000863295 /* AppDelegate.swift in Sources */,
			);
			runOnlyForDeploymentPostprocessing = 0;
		};
		7AB1F5BD2135557000863295 /* Sources */ = {
			isa = PBXSourcesBuildPhase;
			buildActionMask = 2147483647;
			files = (
				7AB1F5C62135557000863295 /* JenkinsDemoTests.swift in Sources */,
			);
			runOnlyForDeploymentPostprocessing = 0;
		};
		7AB1F5C82135557000863295 /* Sources */ = {
			isa = PBXSourcesBuildPhase;
			buildActionMask = 2147483647;
			files = (
				7AB1F5D12135557000863295 /* JenkinsDemoUITests.swift in Sources */,
			);
			runOnlyForDeploymentPostprocessing = 0;
		};
/* End PBXSourcesBuildPhase section */

/* Begin PBXTargetDependency section */
		7AA4349B2147DCDD00A0ED43 /* PBXTargetDependency */ = {
			isa = PBXTargetDependency;
			target = 7AA434912147DCDD00A0ED43 /* Jenkins */;
			targetProxy = 7AA4349A2147DCDD00A0ED43 /* PBXContainerItemProxy */;
		};
		7AB1F5C32135557000863295 /* PBXTargetDependency */ = {
			isa = PBXTargetDependency;
			target = 7AB1F5AC2135557000863295 /* JenkinsDemo */;
			targetProxy = 7AB1F5C22135557000863295 /* PBXContainerItemProxy */;
		};
		7AB1F5CE2135557000863295 /* PBXTargetDependency */ = {
			isa = PBXTargetDependency;
			target = 7AB1F5AC2135557000863295 /* JenkinsDemo */;
			targetProxy = 7AB1F5CD2135557000863295 /* PBXContainerItemProxy */;
		};
/* End PBXTargetDependency section */

/* Begin PBXVariantGroup section */
		7AA434962147DCDD00A0ED43 /* MainInterface.storyboard */ = {
			isa = PBXVariantGroup;
			children = (
				7AA434972147DCDD00A0ED43 /* Base */,
			);
			name = MainInterface.storyboard;
			sourceTree = "<group>";
		};
		7AB1F5B42135557000863295 /* Main.storyboard */ = {
			isa = PBXVariantGroup;
			children = (
				7AB1F5B52135557000863295 /* Base */,
			);
			name = Main.storyboard;
			sourceTree = "<group>";
		};
		7AB1F5B92135557000863295 /* LaunchScreen.storyboard */ = {
			isa = PBXVariantGroup;
			children = (
				7AB1F5BA2135557000863295 /* Base */,
			);
			name = LaunchScreen.storyboard;
			sourceTree = "<group>";
		};
/* End PBXVariantGroup section */

/* Begin XCBuildConfiguration section */
		7AA4349E2147DCDD00A0ED43 /* Debug */ = {
			isa = XCBuildConfiguration;
			buildSettings = {
				"CODE_SIGN_IDENTITY[sdk=iphoneos*]" = "iPhone Developer";
				CODE_SIGN_STYLE = Automatic;
				CURRENT_PROJECT_VERSION = 4;
				DEVELOPMENT_TEAM = GE35PAF7XQ;
				INFOPLIST_FILE = Jenkins/Info.plist;
				LD_RUNPATH_SEARCH_PATHS = "$(inherited) @executable_path/Frameworks @executable_path/../../Frameworks";
				PRODUCT_BUNDLE_IDENTIFIER = com.worktile.lesschat.shareextension;
				PRODUCT_NAME = "$(TARGET_NAME)";
				PROVISIONING_PROFILE_SPECIFIER = "";
				SKIP_INSTALL = YES;
				SWIFT_VERSION = 4.0;
				TARGETED_DEVICE_FAMILY = "1,2";
				VERSIONING_SYSTEM = "apple-generic";
			};
			name = Debug;
		};
		7AA4349F2147DCDD00A0ED43 /* Release */ = {
			isa = XCBuildConfiguration;
			buildSettings = {
				"CODE_SIGN_IDENTITY[sdk=iphoneos*]" = "iPhone Developer";
				CODE_SIGN_STYLE = Automatic;
				CURRENT_PROJECT_VERSION = 4;
				DEVELOPMENT_TEAM = GE35PAF7XQ;
				INFOPLIST_FILE = Jenkins/Info.plist;
				LD_RUNPATH_SEARCH_PATHS = "$(inherited) @executable_path/Frameworks @executable_path/../../Frameworks";
				PRODUCT_BUNDLE_IDENTIFIER = com.worktile.lesschat.shareextension;
				PRODUCT_NAME = "$(TARGET_NAME)";
				PROVISIONING_PROFILE = "";
				PROVISIONING_PROFILE_SPECIFIER = "";
				SKIP_INSTALL = YES;
				SWIFT_VERSION = 4.0;
				TARGETED_DEVICE_FAMILY = "1,2";
				VERSIONING_SYSTEM = "apple-generic";
			};
			name = Release;
		};
		7AB1F5D32135557000863295 /* Debug */ = {
			isa = XCBuildConfiguration;
			buildSettings = {
				ALWAYS_SEARCH_USER_PATHS = NO;
				CLANG_ANALYZER_NONNULL = YES;
				CLANG_ANALYZER_NUMBER_OBJECT_CONVERSION = YES_AGGRESSIVE;
				CLANG_CXX_LANGUAGE_STANDARD = "gnu++14";
				CLANG_CXX_LIBRARY = "libc++";
				CLANG_ENABLE_MODULES = YES;
				CLANG_ENABLE_OBJC_ARC = YES;
				CLANG_WARN_BLOCK_CAPTURE_AUTORELEASING = YES;
				CLANG_WARN_BOOL_CONVERSION = YES;
				CLANG_WARN_COMMA = YES;
				CLANG_WARN_CONSTANT_CONVERSION = YES;
				CLANG_WARN_DIRECT_OBJC_ISA_USAGE = YES_ERROR;
				CLANG_WARN_DOCUMENTATION_COMMENTS = YES;
				CLANG_WARN_EMPTY_BODY = YES;
				CLANG_WARN_ENUM_CONVERSION = YES;
				CLANG_WARN_INFINITE_RECURSION = YES;
				CLANG_WARN_INT_CONVERSION = YES;
				CLANG_WARN_NON_LITERAL_NULL_CONVERSION = YES;
				CLANG_WARN_OBJC_LITERAL_CONVERSION = YES;
				CLANG_WARN_OBJC_ROOT_CLASS = YES_ERROR;
				CLANG_WARN_RANGE_LOOP_ANALYSIS = YES;
				CLANG_WARN_STRICT_PROTOTYPES = YES;
				CLANG_WARN_SUSPICIOUS_MOVE = YES;
				CLANG_WARN_UNGUARDED_AVAILABILITY = YES_AGGRESSIVE;
				CLANG_WARN_UNREACHABLE_CODE = YES;
				CLANG_WARN__DUPLICATE_METHOD_MATCH = YES;
				CODE_SIGN_IDENTITY = "iPhone Developer";
				COPY_PHASE_STRIP = NO;
				DEBUG_INFORMATION_FORMAT = dwarf;
				ENABLE_STRICT_OBJC_MSGSEND = YES;
				ENABLE_TESTABILITY = YES;
				GCC_C_LANGUAGE_STANDARD = gnu11;
				GCC_DYNAMIC_NO_PIC = NO;
				GCC_NO_COMMON_BLOCKS = YES;
				GCC_OPTIMIZATION_LEVEL = 0;
				GCC_PREPROCESSOR_DEFINITIONS = (
					"DEBUG=1",
					"$(inherited)",
				);
				GCC_WARN_64_TO_32_BIT_CONVERSION = YES;
				GCC_WARN_ABOUT_RETURN_TYPE = YES_ERROR;
				GCC_WARN_UNDECLARED_SELECTOR = YES;
				GCC_WARN_UNINITIALIZED_AUTOS = YES_AGGRESSIVE;
				GCC_WARN_UNUSED_FUNCTION = YES;
				GCC_WARN_UNUSED_VARIABLE = YES;
				IPHONEOS_DEPLOYMENT_TARGET = 11.2;
				MTL_ENABLE_DEBUG_INFO = YES;
				ONLY_ACTIVE_ARCH = YES;
				SDKROOT = iphoneos;
				SWIFT_ACTIVE_COMPILATION_CONDITIONS = DEBUG;
				SWIFT_OPTIMIZATION_LEVEL = "-Onone";
			};
			name = Debug;
		};
		7AB1F5D42135557000863295 /* Release */ = {
			isa = XCBuildConfiguration;
			buildSettings = {
				ALWAYS_SEARCH_USER_PATHS = NO;
				CLANG_ANALYZER_NONNULL = YES;
				CLANG_ANALYZER_NUMBER_OBJECT_CONVERSION = YES_AGGRESSIVE;
				CLANG_CXX_LANGUAGE_STANDARD = "gnu++14";
				CLANG_CXX_LIBRARY = "libc++";
				CLANG_ENABLE_MODULES = YES;
				CLANG_ENABLE_OBJC_ARC = YES;
				CLANG_WARN_BLOCK_CAPTURE_AUTORELEASING = YES;
				CLANG_WARN_BOOL_CONVERSION = YES;
				CLANG_WARN_COMMA = YES;
				CLANG_WARN_CONSTANT_CONVERSION = YES;
				CLANG_WARN_DIRECT_OBJC_ISA_USAGE = YES_ERROR;
				CLANG_WARN_DOCUMENTATION_COMMENTS = YES;
				CLANG_WARN_EMPTY_BODY = YES;
				CLANG_WARN_ENUM_CONVERSION = YES;
				CLANG_WARN_INFINITE_RECURSION = YES;
				CLANG_WARN_INT_CONVERSION = YES;
				CLANG_WARN_NON_LITERAL_NULL_CONVERSION = YES;
				CLANG_WARN_OBJC_LITERAL_CONVERSION = YES;
				CLANG_WARN_OBJC_ROOT_CLASS = YES_ERROR;
				CLANG_WARN_RANGE_LOOP_ANALYSIS = YES;
				CLANG_WARN_STRICT_PROTOTYPES = YES;
				CLANG_WARN_SUSPICIOUS_MOVE = YES;
				CLANG_WARN_UNGUARDED_AVAILABILITY = YES_AGGRESSIVE;
				CLANG_WARN_UNREACHABLE_CODE = YES;
				CLANG_WARN__DUPLICATE_METHOD_MATCH = YES;
				CODE_SIGN_IDENTITY = "iPhone Developer";
				COPY_PHASE_STRIP = NO;
				DEBUG_INFORMATION_FORMAT = "dwarf-with-dsym";
				ENABLE_NS_ASSERTIONS = NO;
				ENABLE_STRICT_OBJC_MSGSEND = YES;
				GCC_C_LANGUAGE_STANDARD = gnu11;
				GCC_NO_COMMON_BLOCKS = YES;
				GCC_WARN_64_TO_32_BIT_CONVERSION = YES;
				GCC_WARN_ABOUT_RETURN_TYPE = YES_ERROR;
				GCC_WARN_UNDECLARED_SELECTOR = YES;
				GCC_WARN_UNINITIALIZED_AUTOS = YES_AGGRESSIVE;
				GCC_WARN_UNUSED_FUNCTION = YES;
				GCC_WARN_UNUSED_VARIABLE = YES;
				IPHONEOS_DEPLOYMENT_TARGET = 11.2;
				MTL_ENABLE_DEBUG_INFO = NO;
				SDKROOT = iphoneos;
				SWIFT_OPTIMIZATION_LEVEL = "-Owholemodule";
				VALIDATE_PRODUCT = YES;
			};
			name = Release;
		};
		7AB1F5D62135557000863295 /* Debug */ = {
			isa = XCBuildConfiguration;
			buildSettings = {
				ALWAYS_EMBED_SWIFT_STANDARD_LIBRARIES = YES;
				ASSETCATALOG_COMPILER_APPICON_NAME = AppIcon;
				"CODE_SIGN_IDENTITY[sdk=iphoneos*]" = "iPhone Developer";
				CODE_SIGN_STYLE = Automatic;
				CURRENT_PROJECT_VERSION = 4;
				DEVELOPMENT_TEAM = GE35PAF7XQ;
				INFOPLIST_FILE = JenkinsDemo/Info.plist;
				IPHONEOS_DEPLOYMENT_TARGET = 11.0;
				LD_RUNPATH_SEARCH_PATHS = "$(inherited) @executable_path/Frameworks";
				PRODUCT_BUNDLE_IDENTIFIER = com.worktile.lesschat;
				PRODUCT_NAME = "$(TARGET_NAME)";
				PROVISIONING_PROFILE_SPECIFIER = "";
				SWIFT_VERSION = 4.0;
				TARGETED_DEVICE_FAMILY = 1;
				VERSIONING_SYSTEM = "apple-generic";
			};
			name = Debug;
		};
		7AB1F5D72135557000863295 /* Release */ = {
			isa = XCBuildConfiguration;
			buildSettings = {
				ALWAYS_EMBED_SWIFT_STANDARD_LIBRARIES = YES;
				ASSETCATALOG_COMPILER_APPICON_NAME = AppIcon;
				"CODE_SIGN_IDENTITY[sdk=iphoneos*]" = "iPhone Developer";
				CODE_SIGN_STYLE = Automatic;
				CURRENT_PROJECT_VERSION = 4;
				DEVELOPMENT_TEAM = GE35PAF7XQ;
				INFOPLIST_FILE = JenkinsDemo/Info.plist;
				IPHONEOS_DEPLOYMENT_TARGET = 11.0;
				LD_RUNPATH_SEARCH_PATHS = "$(inherited) @executable_path/Frameworks";
				PRODUCT_BUNDLE_IDENTIFIER = com.worktile.lesschat;
				PRODUCT_NAME = "$(TARGET_NAME)";
				PROVISIONING_PROFILE = "";
				PROVISIONING_PROFILE_SPECIFIER = "";
				SWIFT_VERSION = 4.0;
				TARGETED_DEVICE_FAMILY = 1;
				VERSIONING_SYSTEM = "apple-generic";
			};
			name = Release;
		};
		7AB1F5D92135557000863295 /* Debug */ = {
			isa = XCBuildConfiguration;
			buildSettings = {
				ALWAYS_EMBED_SWIFT_STANDARD_LIBRARIES = YES;
				BUNDLE_LOADER = "$(TEST_HOST)";
				CODE_SIGN_STYLE = Manual;
				DEVELOPMENT_TEAM = GE35PAF7XQ;
				INFOPLIST_FILE = JenkinsDemoTests/Info.plist;
				LD_RUNPATH_SEARCH_PATHS = "$(inherited) @executable_path/Frameworks @loader_path/Frameworks";
				PRODUCT_BUNDLE_IDENTIFIER = com.yuanjilee.JenkinsDemoTests;
				PRODUCT_NAME = "$(TARGET_NAME)";
				SWIFT_VERSION = 4.0;
				TARGETED_DEVICE_FAMILY = "1,2";
				TEST_HOST = "$(BUILT_PRODUCTS_DIR)/JenkinsDemo.app/JenkinsDemo";
			};
			name = Debug;
		};
		7AB1F5DA2135557000863295 /* Release */ = {
			isa = XCBuildConfiguration;
			buildSettings = {
				ALWAYS_EMBED_SWIFT_STANDARD_LIBRARIES = YES;
				BUNDLE_LOADER = "$(TEST_HOST)";
				CODE_SIGN_STYLE = Manual;
				DEVELOPMENT_TEAM = GE35PAF7XQ;
				INFOPLIST_FILE = JenkinsDemoTests/Info.plist;
				LD_RUNPATH_SEARCH_PATHS = "$(inherited) @executable_path/Frameworks @loader_path/Frameworks";
				PRODUCT_BUNDLE_IDENTIFIER = com.yuanjilee.JenkinsDemoTests;
				PRODUCT_NAME = "$(TARGET_NAME)";
				PROVISIONING_PROFILE = "06e26e6b-454b-43a4-8e62-adc36e03e43e";
				PROVISIONING_PROFILE_SPECIFIER = "com.yctech.jenkins AppStore";
				SWIFT_VERSION = 4.0;
				TARGETED_DEVICE_FAMILY = "1,2";
				TEST_HOST = "$(BUILT_PRODUCTS_DIR)/JenkinsDemo.app/JenkinsDemo";
			};
			name = Release;
		};
		7AB1F5DC2135557000863295 /* Debug */ = {
			isa = XCBuildConfiguration;
			buildSettings = {
				ALWAYS_EMBED_SWIFT_STANDARD_LIBRARIES = YES;
				CODE_SIGN_STYLE = Manual;
				DEVELOPMENT_TEAM = GE35PAF7XQ;
				INFOPLIST_FILE = JenkinsDemoUITests/Info.plist;
				LD_RUNPATH_SEARCH_PATHS = "$(inherited) @executable_path/Frameworks @loader_path/Frameworks";
				PRODUCT_BUNDLE_IDENTIFIER = com.yuanjilee.JenkinsDemoUITests;
				PRODUCT_NAME = "$(TARGET_NAME)";
				SWIFT_VERSION = 4.0;
				TARGETED_DEVICE_FAMILY = "1,2";
				TEST_TARGET_NAME = JenkinsDemo;
			};
			name = Debug;
		};
		7AB1F5DD2135557000863295 /* Release */ = {
			isa = XCBuildConfiguration;
			buildSettings = {
				ALWAYS_EMBED_SWIFT_STANDARD_LIBRARIES = YES;
				CODE_SIGN_STYLE = Manual;
				DEVELOPMENT_TEAM = GE35PAF7XQ;
				INFOPLIST_FILE = JenkinsDemoUITests/Info.plist;
				LD_RUNPATH_SEARCH_PATHS = "$(inherited) @executable_path/Frameworks @loader_path/Frameworks";
				PRODUCT_BUNDLE_IDENTIFIER = com.yuanjilee.JenkinsDemoUITests;
				PRODUCT_NAME = "$(TARGET_NAME)";
				PROVISIONING_PROFILE = "06e26e6b-454b-43a4-8e62-adc36e03e43e";
				PROVISIONING_PROFILE_SPECIFIER = "com.yctech.jenkins AppStore";
				SWIFT_VERSION = 4.0;
				TARGETED_DEVICE_FAMILY = "1,2";
				TEST_TARGET_NAME = JenkinsDemo;
			};
			name = Release;
		};
/* End XCBuildConfiguration section */

/* Begin XCConfigurationList section */
		7AA4349D2147DCDD00A0ED43 /* Build configuration list for PBXNativeTarget "Jenkins" */ = {
			isa = XCConfigurationList;
			buildConfigurations = (
				7AA4349E2147DCDD00A0ED43 /* Debug */,
				7AA4349F2147DCDD00A0ED43 /* Release */,
			);
			defaultConfigurationIsVisible = 0;
			defaultConfigurationName = Release;
		};
		7AB1F5A82135557000863295 /* Build configuration list for PBXProject "JenkinsDemo" */ = {
			isa = XCConfigurationList;
			buildConfigurations = (
				7AB1F5D32135557000863295 /* Debug */,
				7AB1F5D42135557000863295 /* Release */,
			);
			defaultConfigurationIsVisible = 0;
			defaultConfigurationName = Release;
		};
		7AB1F5D52135557000863295 /* Build configuration list for PBXNativeTarget "JenkinsDemo" */ = {
			isa = XCConfigurationList;
			buildConfigurations = (
				7AB1F5D62135557000863295 /* Debug */,
				7AB1F5D72135557000863295 /* Release */,
			);
			defaultConfigurationIsVisible = 0;
			defaultConfigurationName = Release;
		};
		7AB1F5D82135557000863295 /* Build configuration list for PBXNativeTarget "JenkinsDemoTests" */ = {
			isa = XCConfigurationList;
			buildConfigurations = (
				7AB1F5D92135557000863295 /* Debug */,
				7AB1F5DA2135557000863295 /* Release */,
			);
			defaultConfigurationIsVisible = 0;
			defaultConfigurationName = Release;
		};
		7AB1F5DB2135557000863295 /* Build configuration list for PBXNativeTarget "JenkinsDemoUITests" */ = {
			isa = XCConfigurationList;
			buildConfigurations = (
				7AB1F5DC2135557000863295 /* Debug */,
				7AB1F5DD2135557000863295 /* Release */,
			);
			defaultConfigurationIsVisible = 0;
			defaultConfigurationName = Release;
		};
/* End XCConfigurationList section */
	};
	rootObject = 7AB1F5A52135557000863295 /* Project object */;
}
